// !$*UTF8*$!
{
	archiveVersion = 1;
	classes = {
	};
	objectVersion = 56;
	objects = {

/* Begin PBXBuildFile section */
		FE1CB533299AF3F800C6EA70 /* CircleImage.swift in Sources */ = {isa = PBXBuildFile; fileRef = FE1CB532299AF3F800C6EA70 /* CircleImage.swift */; };
		FE1CB535299AF7E500C6EA70 /* MapView.swift in Sources */ = {isa = PBXBuildFile; fileRef = FE1CB534299AF7E500C6EA70 /* MapView.swift */; };
		FE1CB537299AFBCD00C6EA70 /* landmarkData.json in Resources */ = {isa = PBXBuildFile; fileRef = FE1CB536299AFBCD00C6EA70 /* landmarkData.json */; };
		FE1CB539299AFBEA00C6EA70 /* Landmark.swift in Sources */ = {isa = PBXBuildFile; fileRef = FE1CB538299AFBEA00C6EA70 /* Landmark.swift */; };
		FE1CB53E299BF98200C6EA70 /* ModelData.swift in Sources */ = {isa = PBXBuildFile; fileRef = FE1CB53D299BF98200C6EA70 /* ModelData.swift */; };
		FE1CB541299BFD7E00C6EA70 /* LandmarkRow.swift in Sources */ = {isa = PBXBuildFile; fileRef = FE1CB540299BFD7E00C6EA70 /* LandmarkRow.swift */; };
		FE535107299C1B8F00C7B8E1 /* LandmarkList.swift in Sources */ = {isa = PBXBuildFile; fileRef = FE535106299C1B8F00C7B8E1 /* LandmarkList.swift */; };
		FE535109299C1DED00C7B8E1 /* LandmarkDetail.swift in Sources */ = {isa = PBXBuildFile; fileRef = FE535108299C1DED00C7B8E1 /* LandmarkDetail.swift */; };
		FE6BA62B299AEBD00005972E /* LandmarksApp.swift in Sources */ = {isa = PBXBuildFile; fileRef = FE6BA62A299AEBD00005972E /* LandmarksApp.swift */; };
		FE6BA62D299AEBD00005972E /* ContentView.swift in Sources */ = {isa = PBXBuildFile; fileRef = FE6BA62C299AEBD00005972E /* ContentView.swift */; };
		FE6BA62F299AEBD10005972E /* Assets.xcassets in Resources */ = {isa = PBXBuildFile; fileRef = FE6BA62E299AEBD10005972E /* Assets.xcassets */; };
		FE6BA632299AEBD10005972E /* Preview Assets.xcassets in Resources */ = {isa = PBXBuildFile; fileRef = FE6BA631299AEBD10005972E /* Preview Assets.xcassets */; };
		FE6BA63C299AEBD10005972E /* LandmarksTests.swift in Sources */ = {isa = PBXBuildFile; fileRef = FE6BA63B299AEBD10005972E /* LandmarksTests.swift */; };
		FE6BA646299AEBD10005972E /* LandmarksUITests.swift in Sources */ = {isa = PBXBuildFile; fileRef = FE6BA645299AEBD10005972E /* LandmarksUITests.swift */; };
		FE6BA648299AEBD10005972E /* LandmarksUITestsLaunchTests.swift in Sources */ = {isa = PBXBuildFile; fileRef = FE6BA647299AEBD10005972E /* LandmarksUITestsLaunchTests.swift */; };
		FE90A73929A3EA9800FBC0C1 /* FavoriteButton.swift in Sources */ = {isa = PBXBuildFile; fileRef = FE90A73829A3EA9800FBC0C1 /* FavoriteButton.swift */; };
		FE90A77329A6842A00FBC0C1 /* HexagonParameters.swift in Sources */ = {isa = PBXBuildFile; fileRef = FE90A77229A6842A00FBC0C1 /* HexagonParameters.swift */; };
		FE90A77529A6861800FBC0C1 /* BadgeBackground.swift in Sources */ = {isa = PBXBuildFile; fileRef = FE90A77429A6861800FBC0C1 /* BadgeBackground.swift */; };
		FE90A77729AAFF8E00FBC0C1 /* BadgeSymbol.swift in Sources */ = {isa = PBXBuildFile; fileRef = FE90A77629AAFF8E00FBC0C1 /* BadgeSymbol.swift */; };
		FE90A77929AB00BC00FBC0C1 /* RotatedBadgeSymbol.swift in Sources */ = {isa = PBXBuildFile; fileRef = FE90A77829AB00BC00FBC0C1 /* RotatedBadgeSymbol.swift */; };
		FE90A77C29AB013E00FBC0C1 /* Badge.swift in Sources */ = {isa = PBXBuildFile; fileRef = FE90A77B29AB013E00FBC0C1 /* Badge.swift */; };
		FE90A77F29AC139900FBC0C1 /* hikeData.json in Resources */ = {isa = PBXBuildFile; fileRef = FE90A77E29AC139900FBC0C1 /* hikeData.json */; };
		FE90A78129AC13DF00FBC0C1 /* Hike.swift in Sources */ = {isa = PBXBuildFile; fileRef = FE90A78029AC13DF00FBC0C1 /* Hike.swift */; };
		FE90A78729AC1A3600FBC0C1 /* GraphCapsule.swift in Sources */ = {isa = PBXBuildFile; fileRef = FE90A78329AC1A3600FBC0C1 /* GraphCapsule.swift */; };
		FE90A78829AC1A3600FBC0C1 /* HikeGraph.swift in Sources */ = {isa = PBXBuildFile; fileRef = FE90A78429AC1A3600FBC0C1 /* HikeGraph.swift */; };
		FE90A78929AC1A3600FBC0C1 /* HikeDetail.swift in Sources */ = {isa = PBXBuildFile; fileRef = FE90A78529AC1A3600FBC0C1 /* HikeDetail.swift */; };
		FE90A78A29AC1A3600FBC0C1 /* HikeView.swift in Sources */ = {isa = PBXBuildFile; fileRef = FE90A78629AC1A3600FBC0C1 /* HikeView.swift */; };
/* End PBXBuildFile section */

/* Begin PBXContainerItemProxy section */
		FE6BA638299AEBD10005972E /* PBXContainerItemProxy */ = {
			isa = PBXContainerItemProxy;
			containerPortal = FE6BA61F299AEBD00005972E /* Project object */;
			proxyType = 1;
			remoteGlobalIDString = FE6BA626299AEBD00005972E;
			remoteInfo = Landmarks;
		};
		FE6BA642299AEBD10005972E /* PBXContainerItemProxy */ = {
			isa = PBXContainerItemProxy;
			containerPortal = FE6BA61F299AEBD00005972E /* Project object */;
			proxyType = 1;
			remoteGlobalIDString = FE6BA626299AEBD00005972E;
			remoteInfo = Landmarks;
		};
/* End PBXContainerItemProxy section */

/* Begin PBXFileReference section */
		FE1CB532299AF3F800C6EA70 /* CircleImage.swift */ = {isa = PBXFileReference; lastKnownFileType = sourcecode.swift; path = CircleImage.swift; sourceTree = "<group>"; };
		FE1CB534299AF7E500C6EA70 /* MapView.swift */ = {isa = PBXFileReference; lastKnownFileType = sourcecode.swift; path = MapView.swift; sourceTree = "<group>"; };
		FE1CB536299AFBCD00C6EA70 /* landmarkData.json */ = {isa = PBXFileReference; fileEncoding = 4; lastKnownFileType = text.json; path = landmarkData.json; sourceTree = "<group>"; };
		FE1CB538299AFBEA00C6EA70 /* Landmark.swift */ = {isa = PBXFileReference; lastKnownFileType = sourcecode.swift; path = Landmark.swift; sourceTree = "<group>"; };
		FE1CB53D299BF98200C6EA70 /* ModelData.swift */ = {isa = PBXFileReference; lastKnownFileType = sourcecode.swift; path = ModelData.swift; sourceTree = "<group>"; };
		FE1CB540299BFD7E00C6EA70 /* LandmarkRow.swift */ = {isa = PBXFileReference; lastKnownFileType = sourcecode.swift; path = LandmarkRow.swift; sourceTree = "<group>"; };
		FE535106299C1B8F00C7B8E1 /* LandmarkList.swift */ = {isa = PBXFileReference; lastKnownFileType = sourcecode.swift; path = LandmarkList.swift; sourceTree = "<group>"; };
		FE535108299C1DED00C7B8E1 /* LandmarkDetail.swift */ = {isa = PBXFileReference; lastKnownFileType = sourcecode.swift; path = LandmarkDetail.swift; sourceTree = "<group>"; };
		FE6BA627299AEBD00005972E /* Landmarks.app */ = {isa = PBXFileReference; explicitFileType = wrapper.application; includeInIndex = 0; path = Landmarks.app; sourceTree = BUILT_PRODUCTS_DIR; };
		FE6BA62A299AEBD00005972E /* LandmarksApp.swift */ = {isa = PBXFileReference; lastKnownFileType = sourcecode.swift; path = LandmarksApp.swift; sourceTree = "<group>"; };
		FE6BA62C299AEBD00005972E /* ContentView.swift */ = {isa = PBXFileReference; lastKnownFileType = sourcecode.swift; path = ContentView.swift; sourceTree = "<group>"; };
		FE6BA62E299AEBD10005972E /* Assets.xcassets */ = {isa = PBXFileReference; lastKnownFileType = folder.assetcatalog; path = Assets.xcassets; sourceTree = "<group>"; };
		FE6BA631299AEBD10005972E /* Preview Assets.xcassets */ = {isa = PBXFileReference; lastKnownFileType = folder.assetcatalog; path = "Preview Assets.xcassets"; sourceTree = "<group>"; };
		FE6BA637299AEBD10005972E /* LandmarksTests.xctest */ = {isa = PBXFileReference; explicitFileType = wrapper.cfbundle; includeInIndex = 0; path = LandmarksTests.xctest; sourceTree = BUILT_PRODUCTS_DIR; };
		FE6BA63B299AEBD10005972E /* LandmarksTests.swift */ = {isa = PBXFileReference; lastKnownFileType = sourcecode.swift; path = LandmarksTests.swift; sourceTree = "<group>"; };
		FE6BA641299AEBD10005972E /* LandmarksUITests.xctest */ = {isa = PBXFileReference; explicitFileType = wrapper.cfbundle; includeInIndex = 0; path = LandmarksUITests.xctest; sourceTree = BUILT_PRODUCTS_DIR; };
		FE6BA645299AEBD10005972E /* LandmarksUITests.swift */ = {isa = PBXFileReference; lastKnownFileType = sourcecode.swift; path = LandmarksUITests.swift; sourceTree = "<group>"; };
		FE6BA647299AEBD10005972E /* LandmarksUITestsLaunchTests.swift */ = {isa = PBXFileReference; lastKnownFileType = sourcecode.swift; path = LandmarksUITestsLaunchTests.swift; sourceTree = "<group>"; };
		FE90A73829A3EA9800FBC0C1 /* FavoriteButton.swift */ = {isa = PBXFileReference; lastKnownFileType = sourcecode.swift; path = FavoriteButton.swift; sourceTree = "<group>"; };
		FE90A77229A6842A00FBC0C1 /* HexagonParameters.swift */ = {isa = PBXFileReference; lastKnownFileType = sourcecode.swift; path = HexagonParameters.swift; sourceTree = "<group>"; };
		FE90A77429A6861800FBC0C1 /* BadgeBackground.swift */ = {isa = PBXFileReference; lastKnownFileType = sourcecode.swift; path = BadgeBackground.swift; sourceTree = "<group>"; };
		FE90A77629AAFF8E00FBC0C1 /* BadgeSymbol.swift */ = {isa = PBXFileReference; lastKnownFileType = sourcecode.swift; path = BadgeSymbol.swift; sourceTree = "<group>"; };
		FE90A77829AB00BC00FBC0C1 /* RotatedBadgeSymbol.swift */ = {isa = PBXFileReference; lastKnownFileType = sourcecode.swift; path = RotatedBadgeSymbol.swift; sourceTree = "<group>"; };
		FE90A77B29AB013E00FBC0C1 /* Badge.swift */ = {isa = PBXFileReference; lastKnownFileType = sourcecode.swift; path = Badge.swift; sourceTree = "<group>"; };
		FE90A77E29AC139900FBC0C1 /* hikeData.json */ = {isa = PBXFileReference; fileEncoding = 4; lastKnownFileType = text.json; path = hikeData.json; sourceTree = "<group>"; };
		FE90A78029AC13DF00FBC0C1 /* Hike.swift */ = {isa = PBXFileReference; lastKnownFileType = sourcecode.swift; path = Hike.swift; sourceTree = "<group>"; };
		FE90A78329AC1A3600FBC0C1 /* GraphCapsule.swift */ = {isa = PBXFileReference; fileEncoding = 4; lastKnownFileType = sourcecode.swift; path = GraphCapsule.swift; sourceTree = "<group>"; };
		FE90A78429AC1A3600FBC0C1 /* HikeGraph.swift */ = {isa = PBXFileReference; fileEncoding = 4; lastKnownFileType = sourcecode.swift; path = HikeGraph.swift; sourceTree = "<group>"; };
		FE90A78529AC1A3600FBC0C1 /* HikeDetail.swift */ = {isa = PBXFileReference; fileEncoding = 4; lastKnownFileType = sourcecode.swift; path = HikeDetail.swift; sourceTree = "<group>"; };
		FE90A78629AC1A3600FBC0C1 /* HikeView.swift */ = {isa = PBXFileReference; fileEncoding = 4; lastKnownFileType = sourcecode.swift; path = HikeView.swift; sourceTree = "<group>"; };
/* End PBXFileReference section */

/* Begin PBXFrameworksBuildPhase section */
		FE6BA624299AEBD00005972E /* Frameworks */ = {
			isa = PBXFrameworksBuildPhase;
			buildActionMask = 2147483647;
			files = (
			);
			runOnlyForDeploymentPostprocessing = 0;
		};
		FE6BA634299AEBD10005972E /* Frameworks */ = {
			isa = PBXFrameworksBuildPhase;
			buildActionMask = 2147483647;
			files = (
			);
			runOnlyForDeploymentPostprocessing = 0;
		};
		FE6BA63E299AEBD10005972E /* Frameworks */ = {
			isa = PBXFrameworksBuildPhase;
			buildActionMask = 2147483647;
			files = (
			);
			runOnlyForDeploymentPostprocessing = 0;
		};
/* End PBXFrameworksBuildPhase section */

/* Begin PBXGroup section */
		FE1CB53A299AFBF100C6EA70 /* Model */ = {
			isa = PBXGroup;
			children = (
				FE1CB53D299BF98200C6EA70 /* ModelData.swift */,
				FE1CB538299AFBEA00C6EA70 /* Landmark.swift */,
				FE90A78029AC13DF00FBC0C1 /* Hike.swift */,
			);
			path = Model;
			sourceTree = "<group>";
		};
		FE1CB53B299AFBF900C6EA70 /* Resources */ = {
			isa = PBXGroup;
			children = (
				FE90A77E29AC139900FBC0C1 /* hikeData.json */,
				FE1CB536299AFBCD00C6EA70 /* landmarkData.json */,
			);
			path = Resources;
			sourceTree = "<group>";
		};
		FE1CB53C299AFC0A00C6EA70 /* Views */ = {
			isa = PBXGroup;
			children = (
				FE6BA62C299AEBD00005972E /* ContentView.swift */,
				FE90A78229AC1A3600FBC0C1 /* Hikes */,
				FE90A77D29AB021C00FBC0C1 /* Badges */,
				FE90A73B29A3EB7200FBC0C1 /* Helpers */,
				FE90A73A29A3EB6A00FBC0C1 /* Landmarks */,
			);
			path = Views;
			sourceTree = "<group>";
		};
		FE6BA61E299AEBD00005972E = {
			isa = PBXGroup;
			children = (
				FE6BA629299AEBD00005972E /* Landmarks */,
				FE6BA63A299AEBD10005972E /* LandmarksTests */,
				FE6BA644299AEBD10005972E /* LandmarksUITests */,
				FE6BA628299AEBD00005972E /* Products */,
			);
			sourceTree = "<group>";
		};
		FE6BA628299AEBD00005972E /* Products */ = {
			isa = PBXGroup;
			children = (
				FE6BA627299AEBD00005972E /* Landmarks.app */,
				FE6BA637299AEBD10005972E /* LandmarksTests.xctest */,
				FE6BA641299AEBD10005972E /* LandmarksUITests.xctest */,
			);
			name = Products;
			sourceTree = "<group>";
		};
		FE6BA629299AEBD00005972E /* Landmarks */ = {
			isa = PBXGroup;
			children = (
				FE6BA62A299AEBD00005972E /* LandmarksApp.swift */,
				FE1CB53C299AFC0A00C6EA70 /* Views */,
				FE1CB53A299AFBF100C6EA70 /* Model */,
				FE1CB53B299AFBF900C6EA70 /* Resources */,
				FE6BA62E299AEBD10005972E /* Assets.xcassets */,
				FE6BA630299AEBD10005972E /* Preview Content */,
			);
			path = Landmarks;
			sourceTree = "<group>";
		};
		FE6BA630299AEBD10005972E /* Preview Content */ = {
			isa = PBXGroup;
			children = (
				FE6BA631299AEBD10005972E /* Preview Assets.xcassets */,
			);
			path = "Preview Content";
			sourceTree = "<group>";
		};
		FE6BA63A299AEBD10005972E /* LandmarksTests */ = {
			isa = PBXGroup;
			children = (
				FE6BA63B299AEBD10005972E /* LandmarksTests.swift */,
			);
			path = LandmarksTests;
			sourceTree = "<group>";
		};
		FE6BA644299AEBD10005972E /* LandmarksUITests */ = {
			isa = PBXGroup;
			children = (
				FE6BA645299AEBD10005972E /* LandmarksUITests.swift */,
				FE6BA647299AEBD10005972E /* LandmarksUITestsLaunchTests.swift */,
			);
			path = LandmarksUITests;
			sourceTree = "<group>";
		};
		FE90A73A29A3EB6A00FBC0C1 /* Landmarks */ = {
			isa = PBXGroup;
			children = (
				FE1CB540299BFD7E00C6EA70 /* LandmarkRow.swift */,
				FE535106299C1B8F00C7B8E1 /* LandmarkList.swift */,
				FE535108299C1DED00C7B8E1 /* LandmarkDetail.swift */,
			);
			path = Landmarks;
			sourceTree = "<group>";
		};
		FE90A73B29A3EB7200FBC0C1 /* Helpers */ = {
			isa = PBXGroup;
			children = (
				FE90A73829A3EA9800FBC0C1 /* FavoriteButton.swift */,
				FE1CB534299AF7E500C6EA70 /* MapView.swift */,
				FE1CB532299AF3F800C6EA70 /* CircleImage.swift */,
			);
			path = Helpers;
			sourceTree = "<group>";
		};
		FE90A77D29AB021C00FBC0C1 /* Badges */ = {
			isa = PBXGroup;
			children = (
				FE90A77B29AB013E00FBC0C1 /* Badge.swift */,
				FE90A77429A6861800FBC0C1 /* BadgeBackground.swift */,
				FE90A77629AAFF8E00FBC0C1 /* BadgeSymbol.swift */,
				FE90A77829AB00BC00FBC0C1 /* RotatedBadgeSymbol.swift */,
				FE90A77229A6842A00FBC0C1 /* HexagonParameters.swift */,
			);
			path = Badges;
			sourceTree = "<group>";
		};
		FE90A78229AC1A3600FBC0C1 /* Hikes */ = {
			isa = PBXGroup;
			children = (
				FE90A78329AC1A3600FBC0C1 /* GraphCapsule.swift */,
				FE90A78429AC1A3600FBC0C1 /* HikeGraph.swift */,
				FE90A78529AC1A3600FBC0C1 /* HikeDetail.swift */,
				FE90A78629AC1A3600FBC0C1 /* HikeView.swift */,
			);
			path = Hikes;
			sourceTree = "<group>";
		};
/* End PBXGroup section */

/* Begin PBXNativeTarget section */
		FE6BA626299AEBD00005972E /* Landmarks */ = {
			isa = PBXNativeTarget;
			buildConfigurationList = FE6BA64B299AEBD10005972E /* Build configuration list for PBXNativeTarget "Landmarks" */;
			buildPhases = (
				FE6BA623299AEBD00005972E /* Sources */,
				FE6BA624299AEBD00005972E /* Frameworks */,
				FE6BA625299AEBD00005972E /* Resources */,
			);
			buildRules = (
			);
			dependencies = (
			);
			name = Landmarks;
			productName = Landmarks;
			productReference = FE6BA627299AEBD00005972E /* Landmarks.app */;
			productType = "com.apple.product-type.application";
		};
		FE6BA636299AEBD10005972E /* LandmarksTests */ = {
			isa = PBXNativeTarget;
			buildConfigurationList = FE6BA64E299AEBD10005972E /* Build configuration list for PBXNativeTarget "LandmarksTests" */;
			buildPhases = (
				FE6BA633299AEBD10005972E /* Sources */,
				FE6BA634299AEBD10005972E /* Frameworks */,
				FE6BA635299AEBD10005972E /* Resources */,
			);
			buildRules = (
			);
			dependencies = (
				FE6BA639299AEBD10005972E /* PBXTargetDependency */,
			);
			name = LandmarksTests;
			productName = LandmarksTests;
			productReference = FE6BA637299AEBD10005972E /* LandmarksTests.xctest */;
			productType = "com.apple.product-type.bundle.unit-test";
		};
		FE6BA640299AEBD10005972E /* LandmarksUITests */ = {
			isa = PBXNativeTarget;
			buildConfigurationList = FE6BA651299AEBD10005972E /* Build configuration list for PBXNativeTarget "LandmarksUITests" */;
			buildPhases = (
				FE6BA63D299AEBD10005972E /* Sources */,
				FE6BA63E299AEBD10005972E /* Frameworks */,
				FE6BA63F299AEBD10005972E /* Resources */,
			);
			buildRules = (
			);
			dependencies = (
				FE6BA643299AEBD10005972E /* PBXTargetDependency */,
			);
			name = LandmarksUITests;
			productName = LandmarksUITests;
			productReference = FE6BA641299AEBD10005972E /* LandmarksUITests.xctest */;
			productType = "com.apple.product-type.bundle.ui-testing";
		};
/* End PBXNativeTarget section */

/* Begin PBXProject section */
		FE6BA61F299AEBD00005972E /* Project object */ = {
			isa = PBXProject;
			attributes = {
				BuildIndependentTargetsInParallel = 1;
				LastSwiftUpdateCheck = 1420;
				LastUpgradeCheck = 1420;
				TargetAttributes = {
					FE6BA626299AEBD00005972E = {
						CreatedOnToolsVersion = 14.2;
					};
					FE6BA636299AEBD10005972E = {
						CreatedOnToolsVersion = 14.2;
						TestTargetID = FE6BA626299AEBD00005972E;
					};
					FE6BA640299AEBD10005972E = {
						CreatedOnToolsVersion = 14.2;
						TestTargetID = FE6BA626299AEBD00005972E;
					};
				};
			};
			buildConfigurationList = FE6BA622299AEBD00005972E /* Build configuration list for PBXProject "Landmarks" */;
			compatibilityVersion = "Xcode 14.0";
			developmentRegion = en;
			hasScannedForEncodings = 0;
			knownRegions = (
				en,
				Base,
			);
			mainGroup = FE6BA61E299AEBD00005972E;
			productRefGroup = FE6BA628299AEBD00005972E /* Products */;
			projectDirPath = "";
			projectRoot = "";
			targets = (
				FE6BA626299AEBD00005972E /* Landmarks */,
				FE6BA636299AEBD10005972E /* LandmarksTests */,
				FE6BA640299AEBD10005972E /* LandmarksUITests */,
			);
		};
/* End PBXProject section */

/* Begin PBXResourcesBuildPhase section */
		FE6BA625299AEBD00005972E /* Resources */ = {
			isa = PBXResourcesBuildPhase;
			buildActionMask = 2147483647;
			files = (
				FE90A77F29AC139900FBC0C1 /* hikeData.json in Resources */,
				FE6BA632299AEBD10005972E /* Preview Assets.xcassets in Resources */,
				FE6BA62F299AEBD10005972E /* Assets.xcassets in Resources */,
				FE1CB537299AFBCD00C6EA70 /* landmarkData.json in Resources */,
			);
			runOnlyForDeploymentPostprocessing = 0;
		};
		FE6BA635299AEBD10005972E /* Resources */ = {
			isa = PBXResourcesBuildPhase;
			buildActionMask = 2147483647;
			files = (
			);
			runOnlyForDeploymentPostprocessing = 0;
		};
		FE6BA63F299AEBD10005972E /* Resources */ = {
			isa = PBXResourcesBuildPhase;
			buildActionMask = 2147483647;
			files = (
			);
			runOnlyForDeploymentPostprocessing = 0;
		};
/* End PBXResourcesBuildPhase section */

/* Begin PBXSourcesBuildPhase section */
		FE6BA623299AEBD00005972E /* Sources */ = {
			isa = PBXSourcesBuildPhase;
			buildActionMask = 2147483647;
			files = (
				FE6BA62D299AEBD00005972E /* ContentView.swift in Sources */,
				FE90A78829AC1A3600FBC0C1 /* HikeGraph.swift in Sources */,
				FE90A77C29AB013E00FBC0C1 /* Badge.swift in Sources */,
				FE1CB535299AF7E500C6EA70 /* MapView.swift in Sources */,
				FE90A78729AC1A3600FBC0C1 /* GraphCapsule.swift in Sources */,
				FE6BA62B299AEBD00005972E /* LandmarksApp.swift in Sources */,
				FE90A73929A3EA9800FBC0C1 /* FavoriteButton.swift in Sources */,
				FE90A78929AC1A3600FBC0C1 /* HikeDetail.swift in Sources */,
				FE90A77329A6842A00FBC0C1 /* HexagonParameters.swift in Sources */,
				FE90A78129AC13DF00FBC0C1 /* Hike.swift in Sources */,
				FE90A77929AB00BC00FBC0C1 /* RotatedBadgeSymbol.swift in Sources */,
				FE90A77729AAFF8E00FBC0C1 /* BadgeSymbol.swift in Sources */,
				FE535107299C1B8F00C7B8E1 /* LandmarkList.swift in Sources */,
				FE90A78A29AC1A3600FBC0C1 /* HikeView.swift in Sources */,
				FE535109299C1DED00C7B8E1 /* LandmarkDetail.swift in Sources */,
				FE90A77529A6861800FBC0C1 /* BadgeBackground.swift in Sources */,
				FE1CB533299AF3F800C6EA70 /* CircleImage.swift in Sources */,
				FE1CB539299AFBEA00C6EA70 /* Landmark.swift in Sources */,
				FE1CB541299BFD7E00C6EA70 /* LandmarkRow.swift in Sources */,
				FE1CB53E299BF98200C6EA70 /* ModelData.swift in Sources */,
			);
			runOnlyForDeploymentPostprocessing = 0;
		};
		FE6BA633299AEBD10005972E /* Sources */ = {
			isa = PBXSourcesBuildPhase;
			buildActionMask = 2147483647;
			files = (
				FE6BA63C299AEBD10005972E /* LandmarksTests.swift in Sources */,
			);
			runOnlyForDeploymentPostprocessing = 0;
		};
		FE6BA63D299AEBD10005972E /* Sources */ = {
			isa = PBXSourcesBuildPhase;
			buildActionMask = 2147483647;
			files = (
				FE6BA648299AEBD10005972E /* LandmarksUITestsLaunchTests.swift in Sources */,
				FE6BA646299AEBD10005972E /* LandmarksUITests.swift in Sources */,
			);
			runOnlyForDeploymentPostprocessing = 0;
		};
/* End PBXSourcesBuildPhase section */

/* Begin PBXTargetDependency section */
		FE6BA639299AEBD10005972E /* PBXTargetDependency */ = {
			isa = PBXTargetDependency;
			target = FE6BA626299AEBD00005972E /* Landmarks */;
			targetProxy = FE6BA638299AEBD10005972E /* PBXContainerItemProxy */;
		};
		FE6BA643299AEBD10005972E /* PBXTargetDependency */ = {
			isa = PBXTargetDependency;
			target = FE6BA626299AEBD00005972E /* Landmarks */;
			targetProxy = FE6BA642299AEBD10005972E /* PBXContainerItemProxy */;
		};
/* End PBXTargetDependency section */

/* Begin XCBuildConfiguration section */
		FE6BA649299AEBD10005972E /* Debug */ = {
			isa = XCBuildConfiguration;
			buildSettings = {
				ALWAYS_SEARCH_USER_PATHS = NO;
				CLANG_ANALYZER_NONNULL = YES;
				CLANG_ANALYZER_NUMBER_OBJECT_CONVERSION = YES_AGGRESSIVE;
				CLANG_CXX_LANGUAGE_STANDARD = "gnu++20";
				CLANG_ENABLE_MODULES = YES;
				CLANG_ENABLE_OBJC_ARC = YES;
				CLANG_ENABLE_OBJC_WEAK = YES;
				CLANG_WARN_BLOCK_CAPTURE_AUTORELEASING = YES;
				CLANG_WARN_BOOL_CONVERSION = YES;
				CLANG_WARN_COMMA = YES;
				CLANG_WARN_CONSTANT_CONVERSION = YES;
				CLANG_WARN_DEPRECATED_OBJC_IMPLEMENTATIONS = YES;
				CLANG_WARN_DIRECT_OBJC_ISA_USAGE = YES_ERROR;
				CLANG_WARN_DOCUMENTATION_COMMENTS = YES;
				CLANG_WARN_EMPTY_BODY = YES;
				CLANG_WARN_ENUM_CONVERSION = YES;
				CLANG_WARN_INFINITE_RECURSION = YES;
				CLANG_WARN_INT_CONVERSION = YES;
				CLANG_WARN_NON_LITERAL_NULL_CONVERSION = YES;
				CLANG_WARN_OBJC_IMPLICIT_RETAIN_SELF = YES;
				CLANG_WARN_OBJC_LITERAL_CONVERSION = YES;
				CLANG_WARN_OBJC_ROOT_CLASS = YES_ERROR;
				CLANG_WARN_QUOTED_INCLUDE_IN_FRAMEWORK_HEADER = YES;
				CLANG_WARN_RANGE_LOOP_ANALYSIS = YES;
				CLANG_WARN_STRICT_PROTOTYPES = YES;
				CLANG_WARN_SUSPICIOUS_MOVE = YES;
				CLANG_WARN_UNGUARDED_AVAILABILITY = YES_AGGRESSIVE;
				CLANG_WARN_UNREACHABLE_CODE = YES;
				CLANG_WARN__DUPLICATE_METHOD_MATCH = YES;
				COPY_PHASE_STRIP = NO;
				DEBUG_INFORMATION_FORMAT = dwarf;
				ENABLE_STRICT_OBJC_MSGSEND = YES;
				ENABLE_TESTABILITY = YES;
				GCC_C_LANGUAGE_STANDARD = gnu11;
				GCC_DYNAMIC_NO_PIC = NO;
				GCC_NO_COMMON_BLOCKS = YES;
				GCC_OPTIMIZATION_LEVEL = 0;
				GCC_PREPROCESSOR_DEFINITIONS = (
					"DEBUG=1",
					"$(inherited)",
				);
				GCC_WARN_64_TO_32_BIT_CONVERSION = YES;
				GCC_WARN_ABOUT_RETURN_TYPE = YES_ERROR;
				GCC_WARN_UNDECLARED_SELECTOR = YES;
				GCC_WARN_UNINITIALIZED_AUTOS = YES_AGGRESSIVE;
				GCC_WARN_UNUSED_FUNCTION = YES;
				GCC_WARN_UNUSED_VARIABLE = YES;
				IPHONEOS_DEPLOYMENT_TARGET = 14.0;
				MTL_ENABLE_DEBUG_INFO = INCLUDE_SOURCE;
				MTL_FAST_MATH = YES;
				ONLY_ACTIVE_ARCH = YES;
				SDKROOT = iphoneos;
				SWIFT_ACTIVE_COMPILATION_CONDITIONS = DEBUG;
				SWIFT_OPTIMIZATION_LEVEL = "-Onone";
			};
			name = Debug;
		};
		FE6BA64A299AEBD10005972E /* Release */ = {
			isa = XCBuildConfiguration;
			buildSettings = {
				ALWAYS_SEARCH_USER_PATHS = NO;
				CLANG_ANALYZER_NONNULL = YES;
				CLANG_ANALYZER_NUMBER_OBJECT_CONVERSION = YES_AGGRESSIVE;
				CLANG_CXX_LANGUAGE_STANDARD = "gnu++20";
				CLANG_ENABLE_MODULES = YES;
				CLANG_ENABLE_OBJC_ARC = YES;
				CLANG_ENABLE_OBJC_WEAK = YES;
				CLANG_WARN_BLOCK_CAPTURE_AUTORELEASING = YES;
				CLANG_WARN_BOOL_CONVERSION = YES;
				CLANG_WARN_COMMA = YES;
				CLANG_WARN_CONSTANT_CONVERSION = YES;
				CLANG_WARN_DEPRECATED_OBJC_IMPLEMENTATIONS = YES;
				CLANG_WARN_DIRECT_OBJC_ISA_USAGE = YES_ERROR;
				CLANG_WARN_DOCUMENTATION_COMMENTS = YES;
				CLANG_WARN_EMPTY_BODY = YES;
				CLANG_WARN_ENUM_CONVERSION = YES;
				CLANG_WARN_INFINITE_RECURSION = YES;
				CLANG_WARN_INT_CONVERSION = YES;
				CLANG_WARN_NON_LITERAL_NULL_CONVERSION = YES;
				CLANG_WARN_OBJC_IMPLICIT_RETAIN_SELF = YES;
				CLANG_WARN_OBJC_LITERAL_CONVERSION = YES;
				CLANG_WARN_OBJC_ROOT_CLASS = YES_ERROR;
				CLANG_WARN_QUOTED_INCLUDE_IN_FRAMEWORK_HEADER = YES;
				CLANG_WARN_RANGE_LOOP_ANALYSIS = YES;
				CLANG_WARN_STRICT_PROTOTYPES = YES;
				CLANG_WARN_SUSPICIOUS_MOVE = YES;
				CLANG_WARN_UNGUARDED_AVAILABILITY = YES_AGGRESSIVE;
				CLANG_WARN_UNREACHABLE_CODE = YES;
				CLANG_WARN__DUPLICATE_METHOD_MATCH = YES;
				COPY_PHASE_STRIP = NO;
				DEBUG_INFORMATION_FORMAT = "dwarf-with-dsym";
				ENABLE_NS_ASSERTIONS = NO;
				ENABLE_STRICT_OBJC_MSGSEND = YES;
				GCC_C_LANGUAGE_STANDARD = gnu11;
				GCC_NO_COMMON_BLOCKS = YES;
				GCC_WARN_64_TO_32_BIT_CONVERSION = YES;
				GCC_WARN_ABOUT_RETURN_TYPE = YES_ERROR;
				GCC_WARN_UNDECLARED_SELECTOR = YES;
				GCC_WARN_UNINITIALIZED_AUTOS = YES_AGGRESSIVE;
				GCC_WARN_UNUSED_FUNCTION = YES;
				GCC_WARN_UNUSED_VARIABLE = YES;
				IPHONEOS_DEPLOYMENT_TARGET = 14.0;
				MTL_ENABLE_DEBUG_INFO = NO;
				MTL_FAST_MATH = YES;
				SDKROOT = iphoneos;
				SWIFT_COMPILATION_MODE = wholemodule;
				SWIFT_OPTIMIZATION_LEVEL = "-O";
				VALIDATE_PRODUCT = YES;
			};
			name = Release;
		};
		FE6BA64C299AEBD10005972E /* Debug */ = {
			isa = XCBuildConfiguration;
			buildSettings = {
				ASSETCATALOG_COMPILER_APPICON_NAME = AppIcon;
				ASSETCATALOG_COMPILER_GLOBAL_ACCENT_COLOR_NAME = AccentColor;
				CODE_SIGN_STYLE = Automatic;
				CURRENT_PROJECT_VERSION = 1;
				DEVELOPMENT_ASSET_PATHS = "\"Landmarks/Preview Content\"";
				DEVELOPMENT_TEAM = V2U4YQPV4D;
				ENABLE_PREVIEWS = YES;
				GENERATE_INFOPLIST_FILE = YES;
				INFOPLIST_KEY_UIApplicationSceneManifest_Generation = YES;
				INFOPLIST_KEY_UIApplicationSupportsIndirectInputEvents = YES;
				INFOPLIST_KEY_UILaunchScreen_Generation = YES;
				INFOPLIST_KEY_UISupportedInterfaceOrientations_iPad = "UIInterfaceOrientationPortrait UIInterfaceOrientationPortraitUpsideDown UIInterfaceOrientationLandscapeLeft UIInterfaceOrientationLandscapeRight";
				INFOPLIST_KEY_UISupportedInterfaceOrientations_iPhone = "UIInterfaceOrientationPortrait UIInterfaceOrientationLandscapeLeft UIInterfaceOrientationLandscapeRight";
				IPHONEOS_DEPLOYMENT_TARGET = 15.0;
				LD_RUNPATH_SEARCH_PATHS = (
					"$(inherited)",
					"@executable_path/Frameworks",
				);
				MARKETING_VERSION = 1.0;
				PRODUCT_BUNDLE_IDENTIFIER = matthewogtong.Landmarks;
				PRODUCT_NAME = "$(TARGET_NAME)";
				SWIFT_EMIT_LOC_STRINGS = YES;
				SWIFT_VERSION = 5.0;
				TARGETED_DEVICE_FAMILY = "1,2";
			};
			name = Debug;
		};
		FE6BA64D299AEBD10005972E /* Release */ = {
			isa = XCBuildConfiguration;
			buildSettings = {
				ASSETCATALOG_COMPILER_APPICON_NAME = AppIcon;
				ASSETCATALOG_COMPILER_GLOBAL_ACCENT_COLOR_NAME = AccentColor;
				CODE_SIGN_STYLE = Automatic;
				CURRENT_PROJECT_VERSION = 1;
				DEVELOPMENT_ASSET_PATHS = "\"Landmarks/Preview Content\"";
				DEVELOPMENT_TEAM = V2U4YQPV4D;
				ENABLE_PREVIEWS = YES;
				GENERATE_INFOPLIST_FILE = YES;
				INFOPLIST_KEY_UIApplicationSceneManifest_Generation = YES;
				INFOPLIST_KEY_UIApplicationSupportsIndirectInputEvents = YES;
				INFOPLIST_KEY_UILaunchScreen_Generation = YES;
				INFOPLIST_KEY_UISupportedInterfaceOrientations_iPad = "UIInterfaceOrientationPortrait UIInterfaceOrientationPortraitUpsideDown UIInterfaceOrientationLandscapeLeft UIInterfaceOrientationLandscapeRight";
				INFOPLIST_KEY_UISupportedInterfaceOrientations_iPhone = "UIInterfaceOrientationPortrait UIInterfaceOrientationLandscapeLeft UIInterfaceOrientationLandscapeRight";
				IPHONEOS_DEPLOYMENT_TARGET = 15.0;
				LD_RUNPATH_SEARCH_PATHS = (
					"$(inherited)",
					"@executable_path/Frameworks",
				);
				MARKETING_VERSION = 1.0;
				PRODUCT_BUNDLE_IDENTIFIER = matthewogtong.Landmarks;
				PRODUCT_NAME = "$(TARGET_NAME)";
				SWIFT_EMIT_LOC_STRINGS = YES;
				SWIFT_VERSION = 5.0;
				TARGETED_DEVICE_FAMILY = "1,2";
			};
			name = Release;
		};
		FE6BA64F299AEBD10005972E /* Debug */ = {
			isa = XCBuildConfiguration;
			buildSettings = {
				ALWAYS_EMBED_SWIFT_STANDARD_LIBRARIES = YES;
				BUNDLE_LOADER = "$(TEST_HOST)";
				CODE_SIGN_STYLE = Automatic;
				CURRENT_PROJECT_VERSION = 1;
				DEVELOPMENT_TEAM = V2U4YQPV4D;
				GENERATE_INFOPLIST_FILE = YES;
				IPHONEOS_DEPLOYMENT_TARGET = 16.2;
				MARKETING_VERSION = 1.0;
				PRODUCT_BUNDLE_IDENTIFIER = matthewogtong.LandmarksTests;
				PRODUCT_NAME = "$(TARGET_NAME)";
				SWIFT_EMIT_LOC_STRINGS = NO;
				SWIFT_VERSION = 5.0;
				TARGETED_DEVICE_FAMILY = "1,2";
				TEST_HOST = "$(BUILT_PRODUCTS_DIR)/Landmarks.app/$(BUNDLE_EXECUTABLE_FOLDER_PATH)/Landmarks";
			};
			name = Debug;
		};
		FE6BA650299AEBD10005972E /* Release */ = {
			isa = XCBuildConfiguration;
			buildSettings = {
				ALWAYS_EMBED_SWIFT_STANDARD_LIBRARIES = YES;
				BUNDLE_LOADER = "$(TEST_HOST)";
				CODE_SIGN_STYLE = Automatic;
				CURRENT_PROJECT_VERSION = 1;
				DEVELOPMENT_TEAM = V2U4YQPV4D;
				GENERATE_INFOPLIST_FILE = YES;
				IPHONEOS_DEPLOYMENT_TARGET = 16.2;
				MARKETING_VERSION = 1.0;
				PRODUCT_BUNDLE_IDENTIFIER = matthewogtong.LandmarksTests;
				PRODUCT_NAME = "$(TARGET_NAME)";
				SWIFT_EMIT_LOC_STRINGS = NO;
				SWIFT_VERSION = 5.0;
				TARGETED_DEVICE_FAMILY = "1,2";
				TEST_HOST = "$(BUILT_PRODUCTS_DIR)/Landmarks.app/$(BUNDLE_EXECUTABLE_FOLDER_PATH)/Landmarks";
			};
			name = Release;
		};
		FE6BA652299AEBD10005972E /* Debug */ = {
			isa = XCBuildConfiguration;
			buildSettings = {
				ALWAYS_EMBED_SWIFT_STANDARD_LIBRARIES = YES;
				CODE_SIGN_STYLE = Automatic;
				CURRENT_PROJECT_VERSION = 1;
				DEVELOPMENT_TEAM = V2U4YQPV4D;
				GENERATE_INFOPLIST_FILE = YES;
				MARKETING_VERSION = 1.0;
				PRODUCT_BUNDLE_IDENTIFIER = matthewogtong.LandmarksUITests;
				PRODUCT_NAME = "$(TARGET_NAME)";
				SWIFT_EMIT_LOC_STRINGS = NO;
				SWIFT_VERSION = 5.0;
				TARGETED_DEVICE_FAMILY = "1,2";
				TEST_TARGET_NAME = Landmarks;
			};
			name = Debug;
		};
		FE6BA653299AEBD10005972E /* Release */ = {
			isa = XCBuildConfiguration;
			buildSettings = {
				ALWAYS_EMBED_SWIFT_STANDARD_LIBRARIES = YES;
				CODE_SIGN_STYLE = Automatic;
				CURRENT_PROJECT_VERSION = 1;
				DEVELOPMENT_TEAM = V2U4YQPV4D;
				GENERATE_INFOPLIST_FILE = YES;
				MARKETING_VERSION = 1.0;
				PRODUCT_BUNDLE_IDENTIFIER = matthewogtong.LandmarksUITests;
				PRODUCT_NAME = "$(TARGET_NAME)";
				SWIFT_EMIT_LOC_STRINGS = NO;
				SWIFT_VERSION = 5.0;
				TARGETED_DEVICE_FAMILY = "1,2";
				TEST_TARGET_NAME = Landmarks;
			};
			name = Release;
		};
/* End XCBuildConfiguration section */

/* Begin XCConfigurationList section */
		FE6BA622299AEBD00005972E /* Build configuration list for PBXProject "Landmarks" */ = {
			isa = XCConfigurationList;
			buildConfigurations = (
				FE6BA649299AEBD10005972E /* Debug */,
				FE6BA64A299AEBD10005972E /* Release */,
			);
			defaultConfigurationIsVisible = 0;
			defaultConfigurationName = Release;
		};
		FE6BA64B299AEBD10005972E /* Build configuration list for PBXNativeTarget "Landmarks" */ = {
			isa = XCConfigurationList;
			buildConfigurations = (
				FE6BA64C299AEBD10005972E /* Debug */,
				FE6BA64D299AEBD10005972E /* Release */,
			);
			defaultConfigurationIsVisible = 0;
			defaultConfigurationName = Release;
		};
		FE6BA64E299AEBD10005972E /* Build configuration list for PBXNativeTarget "LandmarksTests" */ = {
			isa = XCConfigurationList;
			buildConfigurations = (
				FE6BA64F299AEBD10005972E /* Debug */,
				FE6BA650299AEBD10005972E /* Release */,
			);
			defaultConfigurationIsVisible = 0;
			defaultConfigurationName = Release;
		};
		FE6BA651299AEBD10005972E /* Build configuration list for PBXNativeTarget "LandmarksUITests" */ = {
			isa = XCConfigurationList;
			buildConfigurations = (
				FE6BA652299AEBD10005972E /* Debug */,
				FE6BA653299AEBD10005972E /* Release */,
			);
			defaultConfigurationIsVisible = 0;
			defaultConfigurationName = Release;
		};
/* End XCConfigurationList section */
	};
	rootObject = FE6BA61F299AEBD00005972E /* Project object */;
}
